
Microsoft Visual Studio Solution File, Format Version 12.00
# Visual Studio Version 16
VisualStudioVersion = 16.0.29519.87
MinimumVisualStudioVersion = 10.0.40219.1
Project("{FAE04EC0-301F-11D3-BF4B-00C04F79EFBC}") = "PañaleraValentinoV2", "PañaleraValentinoV2\PañaleraValentinoV2.csproj", "{828669F5-3BAD-4329-90F4-D27C4E6E62BA}"
EndProject
Global
	GlobalSection(SolutionConfigurationPlatforms) = preSolution
		Debug|Any CPU = Debug|Any CPU
		Release|Any CPU = Release|Any CPU
	EndGlobalSection
	GlobalSection(ProjectConfigurationPlatforms) = postSolution
		{828669F5-3BAD-4329-90F4-D27C4E6E62BA}.Debug|Any CPU.ActiveCfg = Debug|Any CPU
		{828669F5-3BAD-4329-90F4-D27C4E6E62BA}.Debug|Any CPU.Build.0 = Debug|Any CPU
		{828669F5-3BAD-4329-90F4-D27C4E6E62BA}.Release|Any CPU.ActiveCfg = Release|Any CPU
		{828669F5-3BAD-4329-90F4-D27C4E6E62BA}.Release|Any CPU.Build.0 = Release|Any CPU
	EndGlobalSection
	GlobalSection(SolutionProperties) = preSolution
		HideSolutionNode = FALSE
	EndGlobalSection
	GlobalSection(ExtensibilityGlobals) = postSolution
		SolutionGuid = {3C2B7980-F8C5-46E3-B380-0C68E943AD0F}
	EndGlobalSection
EndGlobal
